
Microsoft Visual Studio Solution File, Format Version 12.00
# Visual Studio Version 16
VisualStudioVersion = 16.0.31829.152
MinimumVisualStudioVersion = 10.0.40219.1
Project("{FAE04EC0-301F-11D3-BF4B-00C04F79EFBC}") = "KeeSetPriority", "KeeSetPriority.csproj", "{4E0AFD8F-C257-4E00-8840-A8EE21B01871}"
EndProject
Project("{2150E333-8FDC-42A3-9474-1A3956D46DE8}") = "Solution Items", "Solution Items", "{21F2C48B-77E1-491F-B520-02070B6B69E3}"
	ProjectSection(SolutionItems) = preProject
		.gitattributes = .gitattributes
		.gitignore = .gitignore
		CreatePLGX.bat = CreatePLGX.bat
		LICENSE.md = LICENSE.md
		README.md = README.md
		version.info = version.info
	EndProjectSection
EndProject
Global
	GlobalSection(SolutionConfigurationPlatforms) = preSolution
		Debug|Any CPU = Debug|Any CPU
		Release|Any CPU = Release|Any CPU
	EndGlobalSection
	GlobalSection(ProjectConfigurationPlatforms) = postSolution
		{4E0AFD8F-C257-4E00-8840-A8EE21B01871}.Debug|Any CPU.ActiveCfg = Debug|Any CPU
		{4E0AFD8F-C257-4E00-8840-A8EE21B01871}.Debug|Any CPU.Build.0 = Debug|Any CPU
		{4E0AFD8F-C257-4E00-8840-A8EE21B01871}.Release|Any CPU.ActiveCfg = Release|Any CPU
		{4E0AFD8F-C257-4E00-8840-A8EE21B01871}.Release|Any CPU.Build.0 = Release|Any CPU
	EndGlobalSection
	GlobalSection(SolutionProperties) = preSolution
		HideSolutionNode = FALSE
	EndGlobalSection
	GlobalSection(ExtensibilityGlobals) = postSolution
		SolutionGuid = {454FE17D-669C-4F33-AF7F-E761FAEAD005}
	EndGlobalSection
EndGlobal
